
Microsoft Visual Studio Solution File, Format Version 12.00
# Visual Studio 15
VisualStudioVersion = 15.0.28307.421
MinimumVisualStudioVersion = 10.0.40219.1
Project("{FAE04EC0-301F-11D3-BF4B-00C04F79EFBC}") = "MonoSirFlocksalot", "MonoSirFlocksalot\MonoSirFlocksalot.csproj", "{1CDCC1BF-8001-43F2-8FBD-740820F6CD81}"
EndProject
Project("{FAE04EC0-301F-11D3-BF4B-00C04F79EFBC}") = "SirFlocksalot", "SirFlocksalot\SirFlocksalot.csproj", "{CBE9EE5B-ECF0-4ADB-9915-9FF5CA064AA1}"
EndProject
Global
	GlobalSection(SolutionConfigurationPlatforms) = preSolution
		Debug|Any CPU = Debug|Any CPU
		Release|Any CPU = Release|Any CPU
	EndGlobalSection
	GlobalSection(ProjectConfigurationPlatforms) = postSolution
		{1CDCC1BF-8001-43F2-8FBD-740820F6CD81}.Debug|Any CPU.ActiveCfg = Debug|Any CPU
		{1CDCC1BF-8001-43F2-8FBD-740820F6CD81}.Debug|Any CPU.Build.0 = Debug|Any CPU
		{1CDCC1BF-8001-43F2-8FBD-740820F6CD81}.Release|Any CPU.ActiveCfg = Release|Any CPU
		{1CDCC1BF-8001-43F2-8FBD-740820F6CD81}.Release|Any CPU.Build.0 = Release|Any CPU
		{CBE9EE5B-ECF0-4ADB-9915-9FF5CA064AA1}.Debug|Any CPU.ActiveCfg = Debug|Any CPU
		{CBE9EE5B-ECF0-4ADB-9915-9FF5CA064AA1}.Debug|Any CPU.Build.0 = Debug|Any CPU
		{CBE9EE5B-ECF0-4ADB-9915-9FF5CA064AA1}.Release|Any CPU.ActiveCfg = Release|Any CPU
		{CBE9EE5B-ECF0-4ADB-9915-9FF5CA064AA1}.Release|Any CPU.Build.0 = Release|Any CPU
	EndGlobalSection
	GlobalSection(SolutionProperties) = preSolution
		HideSolutionNode = FALSE
	EndGlobalSection
	GlobalSection(ExtensibilityGlobals) = postSolution
		SolutionGuid = {79FCD86A-CB1B-4221-8242-4DB6A1E7F8C4}
	EndGlobalSection
EndGlobal
